PODS:
  - SwiftGen (6.5.1)
  - SwiftLint (0.47.0)

DEPENDENCIES:
  - SwiftGen
  - SwiftLint

SPEC REPOS:
  trunk:
    - SwiftGen
    - SwiftLint

SPEC CHECKSUMS:
  SwiftGen: a6d22010845f08fe18fbdf3a07a8e380fd22e0ea
  SwiftLint: d41cc46a2ae58ac6d9f26954bc89f1d72e71fdef

PODFILE CHECKSUM: e13e13db912b10785acb747759cad7c4c40d5d72

COCOAPODS: 1.11.2
