// !$*UTF8*$!
{
	archiveVersion = 1;
	classes = {
	};
	objectVersion = 52;
	objects = {

/* Begin PBXBuildFile section */
		B207015E2353324400F8E2AF /* AgendaDetailView.swift in Sources */ = {isa = PBXBuildFile; fileRef = B207015D2353324400F8E2AF /* AgendaDetailView.swift */; };
		B20701602353372800F8E2AF /* AgendaDetailViewModel.swift in Sources */ = {isa = PBXBuildFile; fileRef = B207015F2353372800F8E2AF /* AgendaDetailViewModel.swift */; };
		B2229A0123A39D6F00F50750 /* SlotsProvider.swift in Sources */ = {isa = PBXBuildFile; fileRef = B2229A0023A39D6F00F50750 /* SlotsProvider.swift */; };
		B258187323C2354200E1B0F0 /* PartnersProvider.swift in Sources */ = {isa = PBXBuildFile; fileRef = B258187223C2354200E1B0F0 /* PartnersProvider.swift */; };
		B258187523C2374D00E1B0F0 /* PartnerRepository.swift in Sources */ = {isa = PBXBuildFile; fileRef = B258187423C2374D00E1B0F0 /* PartnerRepository.swift */; };
		B258187723C2379600E1B0F0 /* Partner.swift in Sources */ = {isa = PBXBuildFile; fileRef = B258187623C2379600E1B0F0 /* Partner.swift */; };
		B258187923C23E7800E1B0F0 /* AboutViewModel.swift in Sources */ = {isa = PBXBuildFile; fileRef = B258187823C23E7800E1B0F0 /* AboutViewModel.swift */; };
		B26E853623D49187006C2C9E /* NSAttributedString+HTML.swift in Sources */ = {isa = PBXBuildFile; fileRef = B26E853523D49187006C2C9E /* NSAttributedString+HTML.swift */; };
		B26E853823D49242006C2C9E /* AttributedTextView.swift in Sources */ = {isa = PBXBuildFile; fileRef = B26E853723D49242006C2C9E /* AttributedTextView.swift */; };
		B26E853B23D49D8B006C2C9E /* SwiftRichString in Frameworks */ = {isa = PBXBuildFile; productRef = B26E853A23D49D8B006C2C9E /* SwiftRichString */; };
		B2A0669323521AC00062383A /* Language+UI.swift in Sources */ = {isa = PBXBuildFile; fileRef = B2A0669223521AC00062383A /* Language+UI.swift */; };
		B2BC0B7923B902BF00C85F69 /* VenuesProvider.swift in Sources */ = {isa = PBXBuildFile; fileRef = B2BC0B7823B902BF00C85F69 /* VenuesProvider.swift */; };
		B2BC0B7B23B905B800C85F69 /* Venue.swift in Sources */ = {isa = PBXBuildFile; fileRef = B2BC0B7A23B905B800C85F69 /* Venue.swift */; };
		B2BC0B7E23B90B6C00C85F69 /* LocationListView.swift in Sources */ = {isa = PBXBuildFile; fileRef = B2BC0B7D23B90B6C00C85F69 /* LocationListView.swift */; };
		B2BC0B8023B90DE100C85F69 /* LocationVenueView.swift in Sources */ = {isa = PBXBuildFile; fileRef = B2BC0B7F23B90DE100C85F69 /* LocationVenueView.swift */; };
		B2BC0B8223B91C5B00C85F69 /* LocationVenueViewModel.swift in Sources */ = {isa = PBXBuildFile; fileRef = B2BC0B8123B91C5B00C85F69 /* LocationVenueViewModel.swift */; };
		B2BC0B8423B91D2100C85F69 /* Model.swift in Sources */ = {isa = PBXBuildFile; fileRef = B2BC0B8323B91D2100C85F69 /* Model.swift */; };
		B2BC0B8623B91E0800C85F69 /* VenueRepository.swift in Sources */ = {isa = PBXBuildFile; fileRef = B2BC0B8523B91E0800C85F69 /* VenueRepository.swift */; };
		B2BC0B8823B933ED00C85F69 /* LocationPlanView.swift in Sources */ = {isa = PBXBuildFile; fileRef = B2BC0B8723B933ED00C85F69 /* LocationPlanView.swift */; };
		B2BC0B8B23BB66EF00C85F69 /* AboutView.swift in Sources */ = {isa = PBXBuildFile; fileRef = B2BC0B8A23BB66EF00C85F69 /* AboutView.swift */; };
		B2CD272F234D06530016AA02 /* AppDelegate.swift in Sources */ = {isa = PBXBuildFile; fileRef = B2CD272E234D06530016AA02 /* AppDelegate.swift */; };
		B2CD2731234D06530016AA02 /* SceneDelegate.swift in Sources */ = {isa = PBXBuildFile; fileRef = B2CD2730234D06530016AA02 /* SceneDelegate.swift */; };
		B2CD2733234D06530016AA02 /* ContentView.swift in Sources */ = {isa = PBXBuildFile; fileRef = B2CD2732234D06530016AA02 /* ContentView.swift */; };
		B2CD2735234D06560016AA02 /* Assets.xcassets in Resources */ = {isa = PBXBuildFile; fileRef = B2CD2734234D06560016AA02 /* Assets.xcassets */; };
		B2CD2738234D06560016AA02 /* Preview Assets.xcassets in Resources */ = {isa = PBXBuildFile; fileRef = B2CD2737234D06560016AA02 /* Preview Assets.xcassets */; };
		B2CD273B234D06560016AA02 /* LaunchScreen.storyboard in Resources */ = {isa = PBXBuildFile; fileRef = B2CD2739234D06560016AA02 /* LaunchScreen.storyboard */; };
		B2CD2746234D06560016AA02 /* RobotConfTests.swift in Sources */ = {isa = PBXBuildFile; fileRef = B2CD2745234D06560016AA02 /* RobotConfTests.swift */; };
		B2CD2751234D06560016AA02 /* RobotConfUITests.swift in Sources */ = {isa = PBXBuildFile; fileRef = B2CD2750234D06560016AA02 /* RobotConfUITests.swift */; };
		B2CD275F234D079B0016AA02 /* AgendaDayListView.swift in Sources */ = {isa = PBXBuildFile; fileRef = B2CD275E234D079B0016AA02 /* AgendaDayListView.swift */; };
		B2CD2763234D08820016AA02 /* AgendaCellView.swift in Sources */ = {isa = PBXBuildFile; fileRef = B2CD2762234D08820016AA02 /* AgendaCellView.swift */; };
		B2CD2766234D116A0016AA02 /* Talk.swift in Sources */ = {isa = PBXBuildFile; fileRef = B2CD2765234D116A0016AA02 /* Talk.swift */; };
		B2CD2768234D12500016AA02 /* TalkRepository.swift in Sources */ = {isa = PBXBuildFile; fileRef = B2CD2767234D12500016AA02 /* TalkRepository.swift */; };
		B2CD276A234D12980016AA02 /* Speaker.swift in Sources */ = {isa = PBXBuildFile; fileRef = B2CD2769234D12980016AA02 /* Speaker.swift */; };
		B2CD276C234D13380016AA02 /* Language.swift in Sources */ = {isa = PBXBuildFile; fileRef = B2CD276B234D13380016AA02 /* Language.swift */; };
		B2CD276E234D18450016AA02 /* AgendaDayListViewModel.swift in Sources */ = {isa = PBXBuildFile; fileRef = B2CD276D234D18450016AA02 /* AgendaDayListViewModel.swift */; };
		B2CD42622357876C009FE6B0 /* GoogleService-Info.plist in Resources */ = {isa = PBXBuildFile; fileRef = B2CD42612357876C009FE6B0 /* GoogleService-Info.plist */; };
		B2CD4264235789B5009FE6B0 /* DataProvider.swift in Sources */ = {isa = PBXBuildFile; fileRef = B2CD4263235789B5009FE6B0 /* DataProvider.swift */; };
		B2CD426723578D81009FE6B0 /* SessionsProvider.swift in Sources */ = {isa = PBXBuildFile; fileRef = B2CD426623578D81009FE6B0 /* SessionsProvider.swift */; };
		B2CD426923578FBD009FE6B0 /* DocumentSnapshot+Decodable.swift in Sources */ = {isa = PBXBuildFile; fileRef = B2CD426823578FBD009FE6B0 /* DocumentSnapshot+Decodable.swift */; };
		B2CD426B23579A36009FE6B0 /* SpeakersProvider.swift in Sources */ = {isa = PBXBuildFile; fileRef = B2CD426A23579A36009FE6B0 /* SpeakersProvider.swift */; };
		B2CD426E2362281A009FE6B0 /* URLImage in Frameworks */ = {isa = PBXBuildFile; productRef = B2CD426D2362281A009FE6B0 /* URLImage */; };
		B83891F623C17BE3B86C039E /* Pods_RobotConf.framework in Frameworks */ = {isa = PBXBuildFile; fileRef = 05750C6DD6C4C74AB517F79B /* Pods_RobotConf.framework */; };
		BE30A17E3BB5248CE13B5D2F /* Pods_RobotConfTests.framework in Frameworks */ = {isa = PBXBuildFile; fileRef = 02C298435E1FD022C97E2462 /* Pods_RobotConfTests.framework */; };
		C15E9DEF1BB86AF3BE8D0307 /* Pods_RobotConf_RobotConfUITests.framework in Frameworks */ = {isa = PBXBuildFile; fileRef = B39EAD04C7867B0526F8A774 /* Pods_RobotConf_RobotConfUITests.framework */; };
/* End PBXBuildFile section */

/* Begin PBXContainerItemProxy section */
		B2CD2742234D06560016AA02 /* PBXContainerItemProxy */ = {
			isa = PBXContainerItemProxy;
			containerPortal = B2CD2723234D06530016AA02 /* Project object */;
			proxyType = 1;
			remoteGlobalIDString = B2CD272A234D06530016AA02;
			remoteInfo = RobotConf;
		};
		B2CD274D234D06560016AA02 /* PBXContainerItemProxy */ = {
			isa = PBXContainerItemProxy;
			containerPortal = B2CD2723234D06530016AA02 /* Project object */;
			proxyType = 1;
			remoteGlobalIDString = B2CD272A234D06530016AA02;
			remoteInfo = RobotConf;
		};
/* End PBXContainerItemProxy section */

/* Begin PBXFileReference section */
		02C298435E1FD022C97E2462 /* Pods_RobotConfTests.framework */ = {isa = PBXFileReference; explicitFileType = wrapper.framework; includeInIndex = 0; path = Pods_RobotConfTests.framework; sourceTree = BUILT_PRODUCTS_DIR; };
		05750C6DD6C4C74AB517F79B /* Pods_RobotConf.framework */ = {isa = PBXFileReference; explicitFileType = wrapper.framework; includeInIndex = 0; path = Pods_RobotConf.framework; sourceTree = BUILT_PRODUCTS_DIR; };
		35D104C14BEF54817763C6F5 /* Pods-RobotConf-RobotConfUITests.debug.xcconfig */ = {isa = PBXFileReference; includeInIndex = 1; lastKnownFileType = text.xcconfig; name = "Pods-RobotConf-RobotConfUITests.debug.xcconfig"; path = "Target Support Files/Pods-RobotConf-RobotConfUITests/Pods-RobotConf-RobotConfUITests.debug.xcconfig"; sourceTree = "<group>"; };
		8ADF4158D468B32B2A947D28 /* Pods-RobotConf.release.xcconfig */ = {isa = PBXFileReference; includeInIndex = 1; lastKnownFileType = text.xcconfig; name = "Pods-RobotConf.release.xcconfig"; path = "Target Support Files/Pods-RobotConf/Pods-RobotConf.release.xcconfig"; sourceTree = "<group>"; };
		B207015D2353324400F8E2AF /* AgendaDetailView.swift */ = {isa = PBXFileReference; lastKnownFileType = sourcecode.swift; path = AgendaDetailView.swift; sourceTree = "<group>"; };
		B207015F2353372800F8E2AF /* AgendaDetailViewModel.swift */ = {isa = PBXFileReference; fileEncoding = 4; lastKnownFileType = sourcecode.swift; path = AgendaDetailViewModel.swift; sourceTree = "<group>"; };
		B2229A0023A39D6F00F50750 /* SlotsProvider.swift */ = {isa = PBXFileReference; fileEncoding = 4; lastKnownFileType = sourcecode.swift; path = SlotsProvider.swift; sourceTree = "<group>"; };
		B258187223C2354200E1B0F0 /* PartnersProvider.swift */ = {isa = PBXFileReference; fileEncoding = 4; lastKnownFileType = sourcecode.swift; path = PartnersProvider.swift; sourceTree = "<group>"; };
		B258187423C2374D00E1B0F0 /* PartnerRepository.swift */ = {isa = PBXFileReference; fileEncoding = 4; lastKnownFileType = sourcecode.swift; path = PartnerRepository.swift; sourceTree = "<group>"; };
		B258187623C2379600E1B0F0 /* Partner.swift */ = {isa = PBXFileReference; lastKnownFileType = sourcecode.swift; path = Partner.swift; sourceTree = "<group>"; };
		B258187823C23E7800E1B0F0 /* AboutViewModel.swift */ = {isa = PBXFileReference; lastKnownFileType = sourcecode.swift; path = AboutViewModel.swift; sourceTree = "<group>"; };
		B26E853523D49187006C2C9E /* NSAttributedString+HTML.swift */ = {isa = PBXFileReference; lastKnownFileType = sourcecode.swift; path = "NSAttributedString+HTML.swift"; sourceTree = "<group>"; };
		B26E853723D49242006C2C9E /* AttributedTextView.swift */ = {isa = PBXFileReference; lastKnownFileType = sourcecode.swift; path = AttributedTextView.swift; sourceTree = "<group>"; };
		B2A0669223521AC00062383A /* Language+UI.swift */ = {isa = PBXFileReference; lastKnownFileType = sourcecode.swift; path = "Language+UI.swift"; sourceTree = "<group>"; };
		B2BC0B7823B902BF00C85F69 /* VenuesProvider.swift */ = {isa = PBXFileReference; fileEncoding = 4; lastKnownFileType = sourcecode.swift; path = VenuesProvider.swift; sourceTree = "<group>"; };
		B2BC0B7A23B905B800C85F69 /* Venue.swift */ = {isa = PBXFileReference; fileEncoding = 4; lastKnownFileType = sourcecode.swift; path = Venue.swift; sourceTree = "<group>"; };
		B2BC0B7D23B90B6C00C85F69 /* LocationListView.swift */ = {isa = PBXFileReference; lastKnownFileType = sourcecode.swift; path = LocationListView.swift; sourceTree = "<group>"; };
		B2BC0B7F23B90DE100C85F69 /* LocationVenueView.swift */ = {isa = PBXFileReference; lastKnownFileType = sourcecode.swift; path = LocationVenueView.swift; sourceTree = "<group>"; };
		B2BC0B8123B91C5B00C85F69 /* LocationVenueViewModel.swift */ = {isa = PBXFileReference; lastKnownFileType = sourcecode.swift; path = LocationVenueViewModel.swift; sourceTree = "<group>"; };
		B2BC0B8323B91D2100C85F69 /* Model.swift */ = {isa = PBXFileReference; lastKnownFileType = sourcecode.swift; path = Model.swift; sourceTree = "<group>"; };
		B2BC0B8523B91E0800C85F69 /* VenueRepository.swift */ = {isa = PBXFileReference; fileEncoding = 4; lastKnownFileType = sourcecode.swift; path = VenueRepository.swift; sourceTree = "<group>"; };
		B2BC0B8723B933ED00C85F69 /* LocationPlanView.swift */ = {isa = PBXFileReference; lastKnownFileType = sourcecode.swift; path = LocationPlanView.swift; sourceTree = "<group>"; };
		B2BC0B8A23BB66EF00C85F69 /* AboutView.swift */ = {isa = PBXFileReference; lastKnownFileType = sourcecode.swift; path = AboutView.swift; sourceTree = "<group>"; };
		B2CD272B234D06530016AA02 /* RobotConf.app */ = {isa = PBXFileReference; explicitFileType = wrapper.application; includeInIndex = 0; path = RobotConf.app; sourceTree = BUILT_PRODUCTS_DIR; };
		B2CD272E234D06530016AA02 /* AppDelegate.swift */ = {isa = PBXFileReference; lastKnownFileType = sourcecode.swift; path = AppDelegate.swift; sourceTree = "<group>"; };
		B2CD2730234D06530016AA02 /* SceneDelegate.swift */ = {isa = PBXFileReference; lastKnownFileType = sourcecode.swift; path = SceneDelegate.swift; sourceTree = "<group>"; };
		B2CD2732234D06530016AA02 /* ContentView.swift */ = {isa = PBXFileReference; lastKnownFileType = sourcecode.swift; path = ContentView.swift; sourceTree = "<group>"; };
		B2CD2734234D06560016AA02 /* Assets.xcassets */ = {isa = PBXFileReference; lastKnownFileType = folder.assetcatalog; path = Assets.xcassets; sourceTree = "<group>"; };
		B2CD2737234D06560016AA02 /* Preview Assets.xcassets */ = {isa = PBXFileReference; lastKnownFileType = folder.assetcatalog; path = "Preview Assets.xcassets"; sourceTree = "<group>"; };
		B2CD273A234D06560016AA02 /* Base */ = {isa = PBXFileReference; lastKnownFileType = file.storyboard; name = Base; path = Base.lproj/LaunchScreen.storyboard; sourceTree = "<group>"; };
		B2CD273C234D06560016AA02 /* Info.plist */ = {isa = PBXFileReference; lastKnownFileType = text.plist.xml; path = Info.plist; sourceTree = "<group>"; };
		B2CD2741234D06560016AA02 /* RobotConfTests.xctest */ = {isa = PBXFileReference; explicitFileType = wrapper.cfbundle; includeInIndex = 0; path = RobotConfTests.xctest; sourceTree = BUILT_PRODUCTS_DIR; };
		B2CD2745234D06560016AA02 /* RobotConfTests.swift */ = {isa = PBXFileReference; lastKnownFileType = sourcecode.swift; path = RobotConfTests.swift; sourceTree = "<group>"; };
		B2CD2747234D06560016AA02 /* Info.plist */ = {isa = PBXFileReference; lastKnownFileType = text.plist.xml; path = Info.plist; sourceTree = "<group>"; };
		B2CD274C234D06560016AA02 /* RobotConfUITests.xctest */ = {isa = PBXFileReference; explicitFileType = wrapper.cfbundle; includeInIndex = 0; path = RobotConfUITests.xctest; sourceTree = BUILT_PRODUCTS_DIR; };
		B2CD2750234D06560016AA02 /* RobotConfUITests.swift */ = {isa = PBXFileReference; lastKnownFileType = sourcecode.swift; path = RobotConfUITests.swift; sourceTree = "<group>"; };
		B2CD2752234D06560016AA02 /* Info.plist */ = {isa = PBXFileReference; lastKnownFileType = text.plist.xml; path = Info.plist; sourceTree = "<group>"; };
		B2CD275E234D079B0016AA02 /* AgendaDayListView.swift */ = {isa = PBXFileReference; lastKnownFileType = sourcecode.swift; path = AgendaDayListView.swift; sourceTree = "<group>"; };
		B2CD2762234D08820016AA02 /* AgendaCellView.swift */ = {isa = PBXFileReference; lastKnownFileType = sourcecode.swift; path = AgendaCellView.swift; sourceTree = "<group>"; };
		B2CD2765234D116A0016AA02 /* Talk.swift */ = {isa = PBXFileReference; lastKnownFileType = sourcecode.swift; path = Talk.swift; sourceTree = "<group>"; };
		B2CD2767234D12500016AA02 /* TalkRepository.swift */ = {isa = PBXFileReference; lastKnownFileType = sourcecode.swift; path = TalkRepository.swift; sourceTree = "<group>"; };
		B2CD2769234D12980016AA02 /* Speaker.swift */ = {isa = PBXFileReference; lastKnownFileType = sourcecode.swift; path = Speaker.swift; sourceTree = "<group>"; };
		B2CD276B234D13380016AA02 /* Language.swift */ = {isa = PBXFileReference; lastKnownFileType = sourcecode.swift; path = Language.swift; sourceTree = "<group>"; };
		B2CD276D234D18450016AA02 /* AgendaDayListViewModel.swift */ = {isa = PBXFileReference; lastKnownFileType = sourcecode.swift; path = AgendaDayListViewModel.swift; sourceTree = "<group>"; };
		B2CD42612357876C009FE6B0 /* GoogleService-Info.plist */ = {isa = PBXFileReference; fileEncoding = 4; lastKnownFileType = text.plist.xml; path = "GoogleService-Info.plist"; sourceTree = "<group>"; };
		B2CD4263235789B5009FE6B0 /* DataProvider.swift */ = {isa = PBXFileReference; lastKnownFileType = sourcecode.swift; path = DataProvider.swift; sourceTree = "<group>"; };
		B2CD426623578D81009FE6B0 /* SessionsProvider.swift */ = {isa = PBXFileReference; lastKnownFileType = sourcecode.swift; path = SessionsProvider.swift; sourceTree = "<group>"; };
		B2CD426823578FBD009FE6B0 /* DocumentSnapshot+Decodable.swift */ = {isa = PBXFileReference; lastKnownFileType = sourcecode.swift; path = "DocumentSnapshot+Decodable.swift"; sourceTree = "<group>"; };
		B2CD426A23579A36009FE6B0 /* SpeakersProvider.swift */ = {isa = PBXFileReference; fileEncoding = 4; lastKnownFileType = sourcecode.swift; path = SpeakersProvider.swift; sourceTree = "<group>"; };
		B39EAD04C7867B0526F8A774 /* Pods_RobotConf_RobotConfUITests.framework */ = {isa = PBXFileReference; explicitFileType = wrapper.framework; includeInIndex = 0; path = Pods_RobotConf_RobotConfUITests.framework; sourceTree = BUILT_PRODUCTS_DIR; };
		D6DD4AC8617114BC85DA24AA /* Pods-RobotConfTests.release.xcconfig */ = {isa = PBXFileReference; includeInIndex = 1; lastKnownFileType = text.xcconfig; name = "Pods-RobotConfTests.release.xcconfig"; path = "Target Support Files/Pods-RobotConfTests/Pods-RobotConfTests.release.xcconfig"; sourceTree = "<group>"; };
		F87BB7759059171EE46F89B4 /* Pods-RobotConf.debug.xcconfig */ = {isa = PBXFileReference; includeInIndex = 1; lastKnownFileType = text.xcconfig; name = "Pods-RobotConf.debug.xcconfig"; path = "Target Support Files/Pods-RobotConf/Pods-RobotConf.debug.xcconfig"; sourceTree = "<group>"; };
		F89B3F2360472C8236CC99F8 /* Pods-RobotConfTests.debug.xcconfig */ = {isa = PBXFileReference; includeInIndex = 1; lastKnownFileType = text.xcconfig; name = "Pods-RobotConfTests.debug.xcconfig"; path = "Target Support Files/Pods-RobotConfTests/Pods-RobotConfTests.debug.xcconfig"; sourceTree = "<group>"; };
		FE1D442F9D9ADD85E4A0AAD7 /* Pods-RobotConf-RobotConfUITests.release.xcconfig */ = {isa = PBXFileReference; includeInIndex = 1; lastKnownFileType = text.xcconfig; name = "Pods-RobotConf-RobotConfUITests.release.xcconfig"; path = "Target Support Files/Pods-RobotConf-RobotConfUITests/Pods-RobotConf-RobotConfUITests.release.xcconfig"; sourceTree = "<group>"; };
/* End PBXFileReference section */

/* Begin PBXFrameworksBuildPhase section */
		B2CD2728234D06530016AA02 /* Frameworks */ = {
			isa = PBXFrameworksBuildPhase;
			buildActionMask = 2147483647;
			files = (
				B2CD426E2362281A009FE6B0 /* URLImage in Frameworks */,
				B26E853B23D49D8B006C2C9E /* SwiftRichString in Frameworks */,
				B83891F623C17BE3B86C039E /* Pods_RobotConf.framework in Frameworks */,
			);
			runOnlyForDeploymentPostprocessing = 0;
		};
		B2CD273E234D06560016AA02 /* Frameworks */ = {
			isa = PBXFrameworksBuildPhase;
			buildActionMask = 2147483647;
			files = (
				BE30A17E3BB5248CE13B5D2F /* Pods_RobotConfTests.framework in Frameworks */,
			);
			runOnlyForDeploymentPostprocessing = 0;
		};
		B2CD2749234D06560016AA02 /* Frameworks */ = {
			isa = PBXFrameworksBuildPhase;
			buildActionMask = 2147483647;
			files = (
				C15E9DEF1BB86AF3BE8D0307 /* Pods_RobotConf_RobotConfUITests.framework in Frameworks */,
			);
			runOnlyForDeploymentPostprocessing = 0;
		};
/* End PBXFrameworksBuildPhase section */

/* Begin PBXGroup section */
		486E2D16E16F082ED56C5D94 /* Frameworks */ = {
			isa = PBXGroup;
			children = (
				05750C6DD6C4C74AB517F79B /* Pods_RobotConf.framework */,
				B39EAD04C7867B0526F8A774 /* Pods_RobotConf_RobotConfUITests.framework */,
				02C298435E1FD022C97E2462 /* Pods_RobotConfTests.framework */,
			);
			name = Frameworks;
			sourceTree = "<group>";
		};
		8611F7ED41A94DE89D01E3A2 /* Pods */ = {
			isa = PBXGroup;
			children = (
				F87BB7759059171EE46F89B4 /* Pods-RobotConf.debug.xcconfig */,
				8ADF4158D468B32B2A947D28 /* Pods-RobotConf.release.xcconfig */,
				35D104C14BEF54817763C6F5 /* Pods-RobotConf-RobotConfUITests.debug.xcconfig */,
				FE1D442F9D9ADD85E4A0AAD7 /* Pods-RobotConf-RobotConfUITests.release.xcconfig */,
				F89B3F2360472C8236CC99F8 /* Pods-RobotConfTests.debug.xcconfig */,
				D6DD4AC8617114BC85DA24AA /* Pods-RobotConfTests.release.xcconfig */,
			);
			path = Pods;
			sourceTree = "<group>";
		};
		B26E853423D4913C006C2C9E /* FormattedText */ = {
			isa = PBXGroup;
			children = (
				B26E853523D49187006C2C9E /* NSAttributedString+HTML.swift */,
				B26E853723D49242006C2C9E /* AttributedTextView.swift */,
			);
			path = FormattedText;
			sourceTree = "<group>";
		};
		B2BC0B7C23B90B3500C85F69 /* Location */ = {
			isa = PBXGroup;
			children = (
				B2BC0B7D23B90B6C00C85F69 /* LocationListView.swift */,
				B2BC0B7F23B90DE100C85F69 /* LocationVenueView.swift */,
				B2BC0B8123B91C5B00C85F69 /* LocationVenueViewModel.swift */,
				B2BC0B8723B933ED00C85F69 /* LocationPlanView.swift */,
			);
			path = Location;
			sourceTree = "<group>";
		};
		B2BC0B8923BB66D000C85F69 /* About */ = {
			isa = PBXGroup;
			children = (
				B2BC0B8A23BB66EF00C85F69 /* AboutView.swift */,
				B258187823C23E7800E1B0F0 /* AboutViewModel.swift */,
			);
			path = About;
			sourceTree = "<group>";
		};
		B2CD2722234D06530016AA02 = {
			isa = PBXGroup;
			children = (
				B2CD272D234D06530016AA02 /* RobotConf */,
				B2CD2744234D06560016AA02 /* RobotConfTests */,
				B2CD274F234D06560016AA02 /* RobotConfUITests */,
				B2CD272C234D06530016AA02 /* Products */,
				8611F7ED41A94DE89D01E3A2 /* Pods */,
				486E2D16E16F082ED56C5D94 /* Frameworks */,
			);
			sourceTree = "<group>";
		};
		B2CD272C234D06530016AA02 /* Products */ = {
			isa = PBXGroup;
			children = (
				B2CD272B234D06530016AA02 /* RobotConf.app */,
				B2CD2741234D06560016AA02 /* RobotConfTests.xctest */,
				B2CD274C234D06560016AA02 /* RobotConfUITests.xctest */,
			);
			name = Products;
			sourceTree = "<group>";
		};
		B2CD272D234D06530016AA02 /* RobotConf */ = {
			isa = PBXGroup;
			children = (
				B2CD272E234D06530016AA02 /* AppDelegate.swift */,
				B2CD2730234D06530016AA02 /* SceneDelegate.swift */,
				B2CD2760234D08400016AA02 /* UI */,
				B2CD2764234D11460016AA02 /* Model */,
				B2CD2734234D06560016AA02 /* Assets.xcassets */,
				B2CD2739234D06560016AA02 /* LaunchScreen.storyboard */,
				B2CD273C234D06560016AA02 /* Info.plist */,
				B2CD42612357876C009FE6B0 /* GoogleService-Info.plist */,
				B2CD2736234D06560016AA02 /* Preview Content */,
			);
			path = RobotConf;
			sourceTree = "<group>";
		};
		B2CD2736234D06560016AA02 /* Preview Content */ = {
			isa = PBXGroup;
			children = (
				B2CD2737234D06560016AA02 /* Preview Assets.xcassets */,
			);
			path = "Preview Content";
			sourceTree = "<group>";
		};
		B2CD2744234D06560016AA02 /* RobotConfTests */ = {
			isa = PBXGroup;
			children = (
				B2CD2745234D06560016AA02 /* RobotConfTests.swift */,
				B2CD2747234D06560016AA02 /* Info.plist */,
			);
			path = RobotConfTests;
			sourceTree = "<group>";
		};
		B2CD274F234D06560016AA02 /* RobotConfUITests */ = {
			isa = PBXGroup;
			children = (
				B2CD2750234D06560016AA02 /* RobotConfUITests.swift */,
				B2CD2752234D06560016AA02 /* Info.plist */,
			);
			path = RobotConfUITests;
			sourceTree = "<group>";
		};
		B2CD2760234D08400016AA02 /* UI */ = {
			isa = PBXGroup;
			children = (
				B2CD2732234D06530016AA02 /* ContentView.swift */,
				B2CD2761234D08530016AA02 /* Agenda */,
				B2BC0B7C23B90B3500C85F69 /* Location */,
				B2BC0B8923BB66D000C85F69 /* About */,
				B26E853423D4913C006C2C9E /* FormattedText */,
				B2A0669223521AC00062383A /* Language+UI.swift */,
			);
			path = UI;
			sourceTree = "<group>";
		};
		B2CD2761234D08530016AA02 /* Agenda */ = {
			isa = PBXGroup;
			children = (
				B2CD275E234D079B0016AA02 /* AgendaDayListView.swift */,
				B2CD276D234D18450016AA02 /* AgendaDayListViewModel.swift */,
				B207015F2353372800F8E2AF /* AgendaDetailViewModel.swift */,
				B2CD2762234D08820016AA02 /* AgendaCellView.swift */,
				B207015D2353324400F8E2AF /* AgendaDetailView.swift */,
			);
			path = Agenda;
			sourceTree = "<group>";
		};
		B2CD2764234D11460016AA02 /* Model */ = {
			isa = PBXGroup;
			children = (
				B2BC0B8323B91D2100C85F69 /* Model.swift */,
				B2CD426523578D59009FE6B0 /* FirestoreData */,
				B2CD2767234D12500016AA02 /* TalkRepository.swift */,
				B2BC0B8523B91E0800C85F69 /* VenueRepository.swift */,
				B258187423C2374D00E1B0F0 /* PartnerRepository.swift */,
				B2CD2765234D116A0016AA02 /* Talk.swift */,
				B2CD2769234D12980016AA02 /* Speaker.swift */,
				B2BC0B7A23B905B800C85F69 /* Venue.swift */,
				B258187623C2379600E1B0F0 /* Partner.swift */,
				B2CD276B234D13380016AA02 /* Language.swift */,
				B2CD4263235789B5009FE6B0 /* DataProvider.swift */,
			);
			path = Model;
			sourceTree = "<group>";
		};
		B2CD426523578D59009FE6B0 /* FirestoreData */ = {
			isa = PBXGroup;
			children = (
				B2CD426623578D81009FE6B0 /* SessionsProvider.swift */,
				B258187223C2354200E1B0F0 /* PartnersProvider.swift */,
				B2BC0B7823B902BF00C85F69 /* VenuesProvider.swift */,
				B2229A0023A39D6F00F50750 /* SlotsProvider.swift */,
				B2CD426A23579A36009FE6B0 /* SpeakersProvider.swift */,
				B2CD426823578FBD009FE6B0 /* DocumentSnapshot+Decodable.swift */,
			);
			path = FirestoreData;
			sourceTree = "<group>";
		};
/* End PBXGroup section */

/* Begin PBXNativeTarget section */
		B2CD272A234D06530016AA02 /* RobotConf */ = {
			isa = PBXNativeTarget;
			buildConfigurationList = B2CD2755234D06560016AA02 /* Build configuration list for PBXNativeTarget "RobotConf" */;
			buildPhases = (
				50C5FC63A5759A2B64B2EE8B /* [CP] Check Pods Manifest.lock */,
				B2CD2727234D06530016AA02 /* Sources */,
				B2CD2728234D06530016AA02 /* Frameworks */,
				B2CD2729234D06530016AA02 /* Resources */,
				BE80F1BF4819644040584EF7 /* [CP] Embed Pods Frameworks */,
			);
			buildRules = (
			);
			dependencies = (
			);
			name = RobotConf;
			packageProductDependencies = (
				B2CD426D2362281A009FE6B0 /* URLImage */,
				B26E853A23D49D8B006C2C9E /* SwiftRichString */,
			);
			productName = RobotConf;
			productReference = B2CD272B234D06530016AA02 /* RobotConf.app */;
			productType = "com.apple.product-type.application";
		};
		B2CD2740234D06560016AA02 /* RobotConfTests */ = {
			isa = PBXNativeTarget;
			buildConfigurationList = B2CD2758234D06560016AA02 /* Build configuration list for PBXNativeTarget "RobotConfTests" */;
			buildPhases = (
				5EA287BA7091C3106C8427F7 /* [CP] Check Pods Manifest.lock */,
				B2CD273D234D06560016AA02 /* Sources */,
				B2CD273E234D06560016AA02 /* Frameworks */,
				B2CD273F234D06560016AA02 /* Resources */,
			);
			buildRules = (
			);
			dependencies = (
				B2CD2743234D06560016AA02 /* PBXTargetDependency */,
			);
			name = RobotConfTests;
			productName = RobotConfTests;
			productReference = B2CD2741234D06560016AA02 /* RobotConfTests.xctest */;
			productType = "com.apple.product-type.bundle.unit-test";
		};
		B2CD274B234D06560016AA02 /* RobotConfUITests */ = {
			isa = PBXNativeTarget;
			buildConfigurationList = B2CD275B234D06560016AA02 /* Build configuration list for PBXNativeTarget "RobotConfUITests" */;
			buildPhases = (
				C84F2D5824D109B5535FC4CE /* [CP] Check Pods Manifest.lock */,
				B2CD2748234D06560016AA02 /* Sources */,
				B2CD2749234D06560016AA02 /* Frameworks */,
				B2CD274A234D06560016AA02 /* Resources */,
				7E2C0F99403046CFF0A92E69 /* [CP] Embed Pods Frameworks */,
			);
			buildRules = (
			);
			dependencies = (
				B2CD274E234D06560016AA02 /* PBXTargetDependency */,
			);
			name = RobotConfUITests;
			productName = RobotConfUITests;
			productReference = B2CD274C234D06560016AA02 /* RobotConfUITests.xctest */;
			productType = "com.apple.product-type.bundle.ui-testing";
		};
/* End PBXNativeTarget section */

/* Begin PBXProject section */
		B2CD2723234D06530016AA02 /* Project object */ = {
			isa = PBXProject;
			attributes = {
				LastSwiftUpdateCheck = 1100;
				LastUpgradeCheck = 1100;
				ORGANIZATIONNAME = "Djavan Bertrand";
				TargetAttributes = {
					B2CD272A234D06530016AA02 = {
						CreatedOnToolsVersion = 11.0;
					};
					B2CD2740234D06560016AA02 = {
						CreatedOnToolsVersion = 11.0;
						TestTargetID = B2CD272A234D06530016AA02;
					};
					B2CD274B234D06560016AA02 = {
						CreatedOnToolsVersion = 11.0;
						TestTargetID = B2CD272A234D06530016AA02;
					};
				};
			};
			buildConfigurationList = B2CD2726234D06530016AA02 /* Build configuration list for PBXProject "RobotConf" */;
			compatibilityVersion = "Xcode 9.3";
			developmentRegion = en;
			hasScannedForEncodings = 0;
			knownRegions = (
				en,
				Base,
			);
			mainGroup = B2CD2722234D06530016AA02;
			packageReferences = (
				B2CD426C2362281A009FE6B0 /* XCRemoteSwiftPackageReference "url-image" */,
				B26E853923D49D8B006C2C9E /* XCRemoteSwiftPackageReference "SwiftRichString" */,
			);
			productRefGroup = B2CD272C234D06530016AA02 /* Products */;
			projectDirPath = "";
			projectRoot = "";
			targets = (
				B2CD272A234D06530016AA02 /* RobotConf */,
				B2CD2740234D06560016AA02 /* RobotConfTests */,
				B2CD274B234D06560016AA02 /* RobotConfUITests */,
			);
		};
/* End PBXProject section */

/* Begin PBXResourcesBuildPhase section */
		B2CD2729234D06530016AA02 /* Resources */ = {
			isa = PBXResourcesBuildPhase;
			buildActionMask = 2147483647;
			files = (
				B2CD273B234D06560016AA02 /* LaunchScreen.storyboard in Resources */,
				B2CD42622357876C009FE6B0 /* GoogleService-Info.plist in Resources */,
				B2CD2738234D06560016AA02 /* Preview Assets.xcassets in Resources */,
				B2CD2735234D06560016AA02 /* Assets.xcassets in Resources */,
			);
			runOnlyForDeploymentPostprocessing = 0;
		};
		B2CD273F234D06560016AA02 /* Resources */ = {
			isa = PBXResourcesBuildPhase;
			buildActionMask = 2147483647;
			files = (
			);
			runOnlyForDeploymentPostprocessing = 0;
		};
		B2CD274A234D06560016AA02 /* Resources */ = {
			isa = PBXResourcesBuildPhase;
			buildActionMask = 2147483647;
			files = (
			);
			runOnlyForDeploymentPostprocessing = 0;
		};
/* End PBXResourcesBuildPhase section */

/* Begin PBXShellScriptBuildPhase section */
		50C5FC63A5759A2B64B2EE8B /* [CP] Check Pods Manifest.lock */ = {
			isa = PBXShellScriptBuildPhase;
			buildActionMask = 2147483647;
			files = (
			);
			inputFileListPaths = (
			);
			inputPaths = (
				"${PODS_PODFILE_DIR_PATH}/Podfile.lock",
				"${PODS_ROOT}/Manifest.lock",
			);
			name = "[CP] Check Pods Manifest.lock";
			outputFileListPaths = (
			);
			outputPaths = (
				"$(DERIVED_FILE_DIR)/Pods-RobotConf-checkManifestLockResult.txt",
			);
			runOnlyForDeploymentPostprocessing = 0;
			shellPath = /bin/sh;
			shellScript = "diff \"${PODS_PODFILE_DIR_PATH}/Podfile.lock\" \"${PODS_ROOT}/Manifest.lock\" > /dev/null\nif [ $? != 0 ] ; then\n    # print error to STDERR\n    echo \"error: The sandbox is not in sync with the Podfile.lock. Run 'pod install' or update your CocoaPods installation.\" >&2\n    exit 1\nfi\n# This output is used by Xcode 'outputs' to avoid re-running this script phase.\necho \"SUCCESS\" > \"${SCRIPT_OUTPUT_FILE_0}\"\n";
			showEnvVarsInLog = 0;
		};
		5EA287BA7091C3106C8427F7 /* [CP] Check Pods Manifest.lock */ = {
			isa = PBXShellScriptBuildPhase;
			buildActionMask = 2147483647;
			files = (
			);
			inputFileListPaths = (
			);
			inputPaths = (
				"${PODS_PODFILE_DIR_PATH}/Podfile.lock",
				"${PODS_ROOT}/Manifest.lock",
			);
			name = "[CP] Check Pods Manifest.lock";
			outputFileListPaths = (
			);
			outputPaths = (
				"$(DERIVED_FILE_DIR)/Pods-RobotConfTests-checkManifestLockResult.txt",
			);
			runOnlyForDeploymentPostprocessing = 0;
			shellPath = /bin/sh;
			shellScript = "diff \"${PODS_PODFILE_DIR_PATH}/Podfile.lock\" \"${PODS_ROOT}/Manifest.lock\" > /dev/null\nif [ $? != 0 ] ; then\n    # print error to STDERR\n    echo \"error: The sandbox is not in sync with the Podfile.lock. Run 'pod install' or update your CocoaPods installation.\" >&2\n    exit 1\nfi\n# This output is used by Xcode 'outputs' to avoid re-running this script phase.\necho \"SUCCESS\" > \"${SCRIPT_OUTPUT_FILE_0}\"\n";
			showEnvVarsInLog = 0;
		};
		7E2C0F99403046CFF0A92E69 /* [CP] Embed Pods Frameworks */ = {
			isa = PBXShellScriptBuildPhase;
			buildActionMask = 2147483647;
			files = (
			);
			inputFileListPaths = (
				"${PODS_ROOT}/Target Support Files/Pods-RobotConf-RobotConfUITests/Pods-RobotConf-RobotConfUITests-frameworks-${CONFIGURATION}-input-files.xcfilelist",
			);
			name = "[CP] Embed Pods Frameworks";
			outputFileListPaths = (
				"${PODS_ROOT}/Target Support Files/Pods-RobotConf-RobotConfUITests/Pods-RobotConf-RobotConfUITests-frameworks-${CONFIGURATION}-output-files.xcfilelist",
			);
			runOnlyForDeploymentPostprocessing = 0;
			shellPath = /bin/sh;
			shellScript = "\"${PODS_ROOT}/Target Support Files/Pods-RobotConf-RobotConfUITests/Pods-RobotConf-RobotConfUITests-frameworks.sh\"\n";
			showEnvVarsInLog = 0;
		};
		BE80F1BF4819644040584EF7 /* [CP] Embed Pods Frameworks */ = {
			isa = PBXShellScriptBuildPhase;
			buildActionMask = 2147483647;
			files = (
			);
			inputFileListPaths = (
				"${PODS_ROOT}/Target Support Files/Pods-RobotConf/Pods-RobotConf-frameworks-${CONFIGURATION}-input-files.xcfilelist",
			);
			name = "[CP] Embed Pods Frameworks";
			outputFileListPaths = (
				"${PODS_ROOT}/Target Support Files/Pods-RobotConf/Pods-RobotConf-frameworks-${CONFIGURATION}-output-files.xcfilelist",
			);
			runOnlyForDeploymentPostprocessing = 0;
			shellPath = /bin/sh;
			shellScript = "\"${PODS_ROOT}/Target Support Files/Pods-RobotConf/Pods-RobotConf-frameworks.sh\"\n";
			showEnvVarsInLog = 0;
		};
		C84F2D5824D109B5535FC4CE /* [CP] Check Pods Manifest.lock */ = {
			isa = PBXShellScriptBuildPhase;
			buildActionMask = 2147483647;
			files = (
			);
			inputFileListPaths = (
			);
			inputPaths = (
				"${PODS_PODFILE_DIR_PATH}/Podfile.lock",
				"${PODS_ROOT}/Manifest.lock",
			);
			name = "[CP] Check Pods Manifest.lock";
			outputFileListPaths = (
			);
			outputPaths = (
				"$(DERIVED_FILE_DIR)/Pods-RobotConf-RobotConfUITests-checkManifestLockResult.txt",
			);
			runOnlyForDeploymentPostprocessing = 0;
			shellPath = /bin/sh;
			shellScript = "diff \"${PODS_PODFILE_DIR_PATH}/Podfile.lock\" \"${PODS_ROOT}/Manifest.lock\" > /dev/null\nif [ $? != 0 ] ; then\n    # print error to STDERR\n    echo \"error: The sandbox is not in sync with the Podfile.lock. Run 'pod install' or update your CocoaPods installation.\" >&2\n    exit 1\nfi\n# This output is used by Xcode 'outputs' to avoid re-running this script phase.\necho \"SUCCESS\" > \"${SCRIPT_OUTPUT_FILE_0}\"\n";
			showEnvVarsInLog = 0;
		};
/* End PBXShellScriptBuildPhase section */

/* Begin PBXSourcesBuildPhase section */
		B2CD2727234D06530016AA02 /* Sources */ = {
			isa = PBXSourcesBuildPhase;
			buildActionMask = 2147483647;
			files = (
				B2CD272F234D06530016AA02 /* AppDelegate.swift in Sources */,
				B26E853823D49242006C2C9E /* AttributedTextView.swift in Sources */,
				B2BC0B7B23B905B800C85F69 /* Venue.swift in Sources */,
				B258187723C2379600E1B0F0 /* Partner.swift in Sources */,
				B2CD2731234D06530016AA02 /* SceneDelegate.swift in Sources */,
				B258187323C2354200E1B0F0 /* PartnersProvider.swift in Sources */,
				B2CD2768234D12500016AA02 /* TalkRepository.swift in Sources */,
				B2CD426923578FBD009FE6B0 /* DocumentSnapshot+Decodable.swift in Sources */,
				B2CD276C234D13380016AA02 /* Language.swift in Sources */,
				B26E853623D49187006C2C9E /* NSAttributedString+HTML.swift in Sources */,
				B2CD276A234D12980016AA02 /* Speaker.swift in Sources */,
				B2BC0B8823B933ED00C85F69 /* LocationPlanView.swift in Sources */,
				B2BC0B7923B902BF00C85F69 /* VenuesProvider.swift in Sources */,
				B2229A0123A39D6F00F50750 /* SlotsProvider.swift in Sources */,
				B2BC0B8023B90DE100C85F69 /* LocationVenueView.swift in Sources */,
				B258187523C2374D00E1B0F0 /* PartnerRepository.swift in Sources */,
				B258187923C23E7800E1B0F0 /* AboutViewModel.swift in Sources */,
				B2A0669323521AC00062383A /* Language+UI.swift in Sources */,
				B2CD426B23579A36009FE6B0 /* SpeakersProvider.swift in Sources */,
				B2CD276E234D18450016AA02 /* AgendaDayListViewModel.swift in Sources */,
				B2BC0B8423B91D2100C85F69 /* Model.swift in Sources */,
				B207015E2353324400F8E2AF /* AgendaDetailView.swift in Sources */,
				B2BC0B8623B91E0800C85F69 /* VenueRepository.swift in Sources */,
				B2CD2733234D06530016AA02 /* ContentView.swift in Sources */,
				B2CD2763234D08820016AA02 /* AgendaCellView.swift in Sources */,
				B2CD4264235789B5009FE6B0 /* DataProvider.swift in Sources */,
				B2CD275F234D079B0016AA02 /* AgendaDayListView.swift in Sources */,
				B20701602353372800F8E2AF /* AgendaDetailViewModel.swift in Sources */,
				B2BC0B8B23BB66EF00C85F69 /* AboutView.swift in Sources */,
				B2BC0B7E23B90B6C00C85F69 /* LocationListView.swift in Sources */,
				B2CD426723578D81009FE6B0 /* SessionsProvider.swift in Sources */,
				B2BC0B8223B91C5B00C85F69 /* LocationVenueViewModel.swift in Sources */,
				B2CD2766234D116A0016AA02 /* Talk.swift in Sources */,
			);
			runOnlyForDeploymentPostprocessing = 0;
		};
		B2CD273D234D06560016AA02 /* Sources */ = {
			isa = PBXSourcesBuildPhase;
			buildActionMask = 2147483647;
			files = (
				B2CD2746234D06560016AA02 /* RobotConfTests.swift in Sources */,
			);
			runOnlyForDeploymentPostprocessing = 0;
		};
		B2CD2748234D06560016AA02 /* Sources */ = {
			isa = PBXSourcesBuildPhase;
			buildActionMask = 2147483647;
			files = (
				B2CD2751234D06560016AA02 /* RobotConfUITests.swift in Sources */,
			);
			runOnlyForDeploymentPostprocessing = 0;
		};
/* End PBXSourcesBuildPhase section */

/* Begin PBXTargetDependency section */
		B2CD2743234D06560016AA02 /* PBXTargetDependency */ = {
			isa = PBXTargetDependency;
			target = B2CD272A234D06530016AA02 /* RobotConf */;
			targetProxy = B2CD2742234D06560016AA02 /* PBXContainerItemProxy */;
		};
		B2CD274E234D06560016AA02 /* PBXTargetDependency */ = {
			isa = PBXTargetDependency;
			target = B2CD272A234D06530016AA02 /* RobotConf */;
			targetProxy = B2CD274D234D06560016AA02 /* PBXContainerItemProxy */;
		};
/* End PBXTargetDependency section */

/* Begin PBXVariantGroup section */
		B2CD2739234D06560016AA02 /* LaunchScreen.storyboard */ = {
			isa = PBXVariantGroup;
			children = (
				B2CD273A234D06560016AA02 /* Base */,
			);
			name = LaunchScreen.storyboard;
			sourceTree = "<group>";
		};
/* End PBXVariantGroup section */

/* Begin XCBuildConfiguration section */
		B2CD2753234D06560016AA02 /* Debug */ = {
			isa = XCBuildConfiguration;
			buildSettings = {
				ALWAYS_SEARCH_USER_PATHS = NO;
				CLANG_ANALYZER_NONNULL = YES;
				CLANG_ANALYZER_NUMBER_OBJECT_CONVERSION = YES_AGGRESSIVE;
				CLANG_CXX_LANGUAGE_STANDARD = "gnu++14";
				CLANG_CXX_LIBRARY = "libc++";
				CLANG_ENABLE_MODULES = YES;
				CLANG_ENABLE_OBJC_ARC = YES;
				CLANG_ENABLE_OBJC_WEAK = YES;
				CLANG_WARN_BLOCK_CAPTURE_AUTORELEASING = YES;
				CLANG_WARN_BOOL_CONVERSION = YES;
				CLANG_WARN_COMMA = YES;
				CLANG_WARN_CONSTANT_CONVERSION = YES;
				CLANG_WARN_DEPRECATED_OBJC_IMPLEMENTATIONS = YES;
				CLANG_WARN_DIRECT_OBJC_ISA_USAGE = YES_ERROR;
				CLANG_WARN_DOCUMENTATION_COMMENTS = YES;
				CLANG_WARN_EMPTY_BODY = YES;
				CLANG_WARN_ENUM_CONVERSION = YES;
				CLANG_WARN_INFINITE_RECURSION = YES;
				CLANG_WARN_INT_CONVERSION = YES;
				CLANG_WARN_NON_LITERAL_NULL_CONVERSION = YES;
				CLANG_WARN_OBJC_IMPLICIT_RETAIN_SELF = YES;
				CLANG_WARN_OBJC_LITERAL_CONVERSION = YES;
				CLANG_WARN_OBJC_ROOT_CLASS = YES_ERROR;
				CLANG_WARN_RANGE_LOOP_ANALYSIS = YES;
				CLANG_WARN_STRICT_PROTOTYPES = YES;
				CLANG_WARN_SUSPICIOUS_MOVE = YES;
				CLANG_WARN_UNGUARDED_AVAILABILITY = YES_AGGRESSIVE;
				CLANG_WARN_UNREACHABLE_CODE = YES;
				CLANG_WARN__DUPLICATE_METHOD_MATCH = YES;
				COPY_PHASE_STRIP = NO;
				DEBUG_INFORMATION_FORMAT = dwarf;
				ENABLE_STRICT_OBJC_MSGSEND = YES;
				ENABLE_TESTABILITY = YES;
				GCC_C_LANGUAGE_STANDARD = gnu11;
				GCC_DYNAMIC_NO_PIC = NO;
				GCC_NO_COMMON_BLOCKS = YES;
				GCC_OPTIMIZATION_LEVEL = 0;
				GCC_PREPROCESSOR_DEFINITIONS = (
					"DEBUG=1",
					"$(inherited)",
				);
				GCC_WARN_64_TO_32_BIT_CONVERSION = YES;
				GCC_WARN_ABOUT_RETURN_TYPE = YES_ERROR;
				GCC_WARN_UNDECLARED_SELECTOR = YES;
				GCC_WARN_UNINITIALIZED_AUTOS = YES_AGGRESSIVE;
				GCC_WARN_UNUSED_FUNCTION = YES;
				GCC_WARN_UNUSED_VARIABLE = YES;
				IPHONEOS_DEPLOYMENT_TARGET = 13.0;
				MTL_ENABLE_DEBUG_INFO = INCLUDE_SOURCE;
				MTL_FAST_MATH = YES;
				ONLY_ACTIVE_ARCH = YES;
				SDKROOT = iphoneos;
				SWIFT_ACTIVE_COMPILATION_CONDITIONS = DEBUG;
				SWIFT_OPTIMIZATION_LEVEL = "-Onone";
			};
			name = Debug;
		};
		B2CD2754234D06560016AA02 /* Release */ = {
			isa = XCBuildConfiguration;
			buildSettings = {
				ALWAYS_SEARCH_USER_PATHS = NO;
				CLANG_ANALYZER_NONNULL = YES;
				CLANG_ANALYZER_NUMBER_OBJECT_CONVERSION = YES_AGGRESSIVE;
				CLANG_CXX_LANGUAGE_STANDARD = "gnu++14";
				CLANG_CXX_LIBRARY = "libc++";
				CLANG_ENABLE_MODULES = YES;
				CLANG_ENABLE_OBJC_ARC = YES;
				CLANG_ENABLE_OBJC_WEAK = YES;
				CLANG_WARN_BLOCK_CAPTURE_AUTORELEASING = YES;
				CLANG_WARN_BOOL_CONVERSION = YES;
				CLANG_WARN_COMMA = YES;
				CLANG_WARN_CONSTANT_CONVERSION = YES;
				CLANG_WARN_DEPRECATED_OBJC_IMPLEMENTATIONS = YES;
				CLANG_WARN_DIRECT_OBJC_ISA_USAGE = YES_ERROR;
				CLANG_WARN_DOCUMENTATION_COMMENTS = YES;
				CLANG_WARN_EMPTY_BODY = YES;
				CLANG_WARN_ENUM_CONVERSION = YES;
				CLANG_WARN_INFINITE_RECURSION = YES;
				CLANG_WARN_INT_CONVERSION = YES;
				CLANG_WARN_NON_LITERAL_NULL_CONVERSION = YES;
				CLANG_WARN_OBJC_IMPLICIT_RETAIN_SELF = YES;
				CLANG_WARN_OBJC_LITERAL_CONVERSION = YES;
				CLANG_WARN_OBJC_ROOT_CLASS = YES_ERROR;
				CLANG_WARN_RANGE_LOOP_ANALYSIS = YES;
				CLANG_WARN_STRICT_PROTOTYPES = YES;
				CLANG_WARN_SUSPICIOUS_MOVE = YES;
				CLANG_WARN_UNGUARDED_AVAILABILITY = YES_AGGRESSIVE;
				CLANG_WARN_UNREACHABLE_CODE = YES;
				CLANG_WARN__DUPLICATE_METHOD_MATCH = YES;
				COPY_PHASE_STRIP = NO;
				DEBUG_INFORMATION_FORMAT = "dwarf-with-dsym";
				ENABLE_NS_ASSERTIONS = NO;
				ENABLE_STRICT_OBJC_MSGSEND = YES;
				GCC_C_LANGUAGE_STANDARD = gnu11;
				GCC_NO_COMMON_BLOCKS = YES;
				GCC_WARN_64_TO_32_BIT_CONVERSION = YES;
				GCC_WARN_ABOUT_RETURN_TYPE = YES_ERROR;
				GCC_WARN_UNDECLARED_SELECTOR = YES;
				GCC_WARN_UNINITIALIZED_AUTOS = YES_AGGRESSIVE;
				GCC_WARN_UNUSED_FUNCTION = YES;
				GCC_WARN_UNUSED_VARIABLE = YES;
				IPHONEOS_DEPLOYMENT_TARGET = 13.0;
				MTL_ENABLE_DEBUG_INFO = NO;
				MTL_FAST_MATH = YES;
				SDKROOT = iphoneos;
				SWIFT_COMPILATION_MODE = wholemodule;
				SWIFT_OPTIMIZATION_LEVEL = "-O";
				VALIDATE_PRODUCT = YES;
			};
			name = Release;
		};
		B2CD2756234D06560016AA02 /* Debug */ = {
			isa = XCBuildConfiguration;
			baseConfigurationReference = F87BB7759059171EE46F89B4 /* Pods-RobotConf.debug.xcconfig */;
			buildSettings = {
				ASSETCATALOG_COMPILER_APPICON_NAME = AppIcon;
				CODE_SIGN_STYLE = Automatic;
				DEVELOPMENT_ASSET_PATHS = "RobotConf/Preview\\ Content";
				DEVELOPMENT_TEAM = 27VVDXJ5J4;
				ENABLE_PREVIEWS = YES;
				INFOPLIST_FILE = RobotConf/Info.plist;
				LD_RUNPATH_SEARCH_PATHS = (
					"$(inherited)",
					"@executable_path/Frameworks",
				);
				PRODUCT_BUNDLE_IDENTIFIER = com.sousoum.RobotConf;
				PRODUCT_NAME = "$(TARGET_NAME)";
				SWIFT_VERSION = 5.0;
				TARGETED_DEVICE_FAMILY = "1,2";
			};
			name = Debug;
		};
		B2CD2757234D06560016AA02 /* Release */ = {
			isa = XCBuildConfiguration;
			baseConfigurationReference = 8ADF4158D468B32B2A947D28 /* Pods-RobotConf.release.xcconfig */;
			buildSettings = {
				ASSETCATALOG_COMPILER_APPICON_NAME = AppIcon;
				CODE_SIGN_STYLE = Automatic;
				DEVELOPMENT_ASSET_PATHS = "RobotConf/Preview\\ Content";
				DEVELOPMENT_TEAM = 27VVDXJ5J4;
				ENABLE_PREVIEWS = YES;
				INFOPLIST_FILE = RobotConf/Info.plist;
				LD_RUNPATH_SEARCH_PATHS = (
					"$(inherited)",
					"@executable_path/Frameworks",
				);
				PRODUCT_BUNDLE_IDENTIFIER = com.sousoum.RobotConf;
				PRODUCT_NAME = "$(TARGET_NAME)";
				SWIFT_VERSION = 5.0;
				TARGETED_DEVICE_FAMILY = "1,2";
			};
			name = Release;
		};
		B2CD2759234D06560016AA02 /* Debug */ = {
			isa = XCBuildConfiguration;
			baseConfigurationReference = F89B3F2360472C8236CC99F8 /* Pods-RobotConfTests.debug.xcconfig */;
			buildSettings = {
				ALWAYS_EMBED_SWIFT_STANDARD_LIBRARIES = YES;
				BUNDLE_LOADER = "$(TEST_HOST)";
				CODE_SIGN_STYLE = Automatic;
				INFOPLIST_FILE = RobotConfTests/Info.plist;
				LD_RUNPATH_SEARCH_PATHS = (
					"$(inherited)",
					"@executable_path/Frameworks",
					"@loader_path/Frameworks",
				);
				PRODUCT_BUNDLE_IDENTIFIER = com.sousoum.RobotConfTests;
				PRODUCT_NAME = "$(TARGET_NAME)";
				SWIFT_VERSION = 5.0;
				TARGETED_DEVICE_FAMILY = "1,2";
				TEST_HOST = "$(BUILT_PRODUCTS_DIR)/RobotConf.app/RobotConf";
			};
			name = Debug;
		};
		B2CD275A234D06560016AA02 /* Release */ = {
			isa = XCBuildConfiguration;
			baseConfigurationReference = D6DD4AC8617114BC85DA24AA /* Pods-RobotConfTests.release.xcconfig */;
			buildSettings = {
				ALWAYS_EMBED_SWIFT_STANDARD_LIBRARIES = YES;
				BUNDLE_LOADER = "$(TEST_HOST)";
				CODE_SIGN_STYLE = Automatic;
				INFOPLIST_FILE = RobotConfTests/Info.plist;
				LD_RUNPATH_SEARCH_PATHS = (
					"$(inherited)",
					"@executable_path/Frameworks",
					"@loader_path/Frameworks",
				);
				PRODUCT_BUNDLE_IDENTIFIER = com.sousoum.RobotConfTests;
				PRODUCT_NAME = "$(TARGET_NAME)";
				SWIFT_VERSION = 5.0;
				TARGETED_DEVICE_FAMILY = "1,2";
				TEST_HOST = "$(BUILT_PRODUCTS_DIR)/RobotConf.app/RobotConf";
			};
			name = Release;
		};
		B2CD275C234D06560016AA02 /* Debug */ = {
			isa = XCBuildConfiguration;
			baseConfigurationReference = 35D104C14BEF54817763C6F5 /* Pods-RobotConf-RobotConfUITests.debug.xcconfig */;
			buildSettings = {
				ALWAYS_EMBED_SWIFT_STANDARD_LIBRARIES = YES;
				CODE_SIGN_STYLE = Automatic;
				INFOPLIST_FILE = RobotConfUITests/Info.plist;
				LD_RUNPATH_SEARCH_PATHS = (
					"$(inherited)",
					"@executable_path/Frameworks",
					"@loader_path/Frameworks",
				);
				PRODUCT_BUNDLE_IDENTIFIER = com.sousoum.RobotConfUITests;
				PRODUCT_NAME = "$(TARGET_NAME)";
				SWIFT_VERSION = 5.0;
				TARGETED_DEVICE_FAMILY = "1,2";
				TEST_TARGET_NAME = RobotConf;
			};
			name = Debug;
		};
		B2CD275D234D06560016AA02 /* Release */ = {
			isa = XCBuildConfiguration;
			baseConfigurationReference = FE1D442F9D9ADD85E4A0AAD7 /* Pods-RobotConf-RobotConfUITests.release.xcconfig */;
			buildSettings = {
				ALWAYS_EMBED_SWIFT_STANDARD_LIBRARIES = YES;
				CODE_SIGN_STYLE = Automatic;
				INFOPLIST_FILE = RobotConfUITests/Info.plist;
				LD_RUNPATH_SEARCH_PATHS = (
					"$(inherited)",
					"@executable_path/Frameworks",
					"@loader_path/Frameworks",
				);
				PRODUCT_BUNDLE_IDENTIFIER = com.sousoum.RobotConfUITests;
				PRODUCT_NAME = "$(TARGET_NAME)";
				SWIFT_VERSION = 5.0;
				TARGETED_DEVICE_FAMILY = "1,2";
				TEST_TARGET_NAME = RobotConf;
			};
			name = Release;
		};
/* End XCBuildConfiguration section */

/* Begin XCConfigurationList section */
		B2CD2726234D06530016AA02 /* Build configuration list for PBXProject "RobotConf" */ = {
			isa = XCConfigurationList;
			buildConfigurations = (
				B2CD2753234D06560016AA02 /* Debug */,
				B2CD2754234D06560016AA02 /* Release */,
			);
			defaultConfigurationIsVisible = 0;
			defaultConfigurationName = Release;
		};
		B2CD2755234D06560016AA02 /* Build configuration list for PBXNativeTarget "RobotConf" */ = {
			isa = XCConfigurationList;
			buildConfigurations = (
				B2CD2756234D06560016AA02 /* Debug */,
				B2CD2757234D06560016AA02 /* Release */,
			);
			defaultConfigurationIsVisible = 0;
			defaultConfigurationName = Release;
		};
		B2CD2758234D06560016AA02 /* Build configuration list for PBXNativeTarget "RobotConfTests" */ = {
			isa = XCConfigurationList;
			buildConfigurations = (
				B2CD2759234D06560016AA02 /* Debug */,
				B2CD275A234D06560016AA02 /* Release */,
			);
			defaultConfigurationIsVisible = 0;
			defaultConfigurationName = Release;
		};
		B2CD275B234D06560016AA02 /* Build configuration list for PBXNativeTarget "RobotConfUITests" */ = {
			isa = XCConfigurationList;
			buildConfigurations = (
				B2CD275C234D06560016AA02 /* Debug */,
				B2CD275D234D06560016AA02 /* Release */,
			);
			defaultConfigurationIsVisible = 0;
			defaultConfigurationName = Release;
		};
/* End XCConfigurationList section */

/* Begin XCRemoteSwiftPackageReference section */
		B26E853923D49D8B006C2C9E /* XCRemoteSwiftPackageReference "SwiftRichString" */ = {
			isa = XCRemoteSwiftPackageReference;
			repositoryURL = "https://github.com/malcommac/SwiftRichString";
			requirement = {
				kind = upToNextMajorVersion;
				minimumVersion = 3.6.0;
			};
		};
		B2CD426C2362281A009FE6B0 /* XCRemoteSwiftPackageReference "url-image" */ = {
			isa = XCRemoteSwiftPackageReference;
			repositoryURL = "https://github.com/dmytro-anokhin/url-image.git";
			requirement = {
				kind = upToNextMajorVersion;
				minimumVersion = 0.9.7;
			};
		};
/* End XCRemoteSwiftPackageReference section */

/* Begin XCSwiftPackageProductDependency section */
		B26E853A23D49D8B006C2C9E /* SwiftRichString */ = {
			isa = XCSwiftPackageProductDependency;
			package = B26E853923D49D8B006C2C9E /* XCRemoteSwiftPackageReference "SwiftRichString" */;
			productName = SwiftRichString;
		};
		B2CD426D2362281A009FE6B0 /* URLImage */ = {
			isa = XCSwiftPackageProductDependency;
			package = B2CD426C2362281A009FE6B0 /* XCRemoteSwiftPackageReference "url-image" */;
			productName = URLImage;
		};
/* End XCSwiftPackageProductDependency section */
	};
	rootObject = B2CD2723234D06530016AA02 /* Project object */;
}
